
Microsoft Visual Studio Solution File, Format Version 12.00
# Visual Studio Version 16
VisualStudioVersion = 16.0.30907.101
MinimumVisualStudioVersion = 10.0.40219.1
Project("{FAE04EC0-301F-11D3-BF4B-00C04F79EFBC}") = "Docupet", "Docupet\Docupet.csproj", "{55C743BA-177C-4791-9A17-E45C369B8104}"
EndProject
Global
	GlobalSection(SolutionConfigurationPlatforms) = preSolution
		Debug|Any CPU = Debug|Any CPU
		Release|Any CPU = Release|Any CPU
	EndGlobalSection
	GlobalSection(ProjectConfigurationPlatforms) = postSolution
		{55C743BA-177C-4791-9A17-E45C369B8104}.Debug|Any CPU.ActiveCfg = Debug|Any CPU
		{55C743BA-177C-4791-9A17-E45C369B8104}.Debug|Any CPU.Build.0 = Debug|Any CPU
		{55C743BA-177C-4791-9A17-E45C369B8104}.Release|Any CPU.ActiveCfg = Release|Any CPU
		{55C743BA-177C-4791-9A17-E45C369B8104}.Release|Any CPU.Build.0 = Release|Any CPU
	EndGlobalSection
	GlobalSection(SolutionProperties) = preSolution
		HideSolutionNode = FALSE
	EndGlobalSection
	GlobalSection(ExtensibilityGlobals) = postSolution
		SolutionGuid = {09FF06ED-3027-4DF2-860E-0AB62451ADEB}
	EndGlobalSection
EndGlobal
